// !$*UTF8*$!
{
	archiveVersion = 1;
	classes = {
	};
	objectVersion = 46;
	objects = {

/* Begin PBXBuildFile section */
		037388DA1CE9A5C500574E28 /* YCCell.xib in Resources */ = {isa = PBXBuildFile; fileRef = 037388D91CE9A5C500574E28 /* YCCell.xib */; };
		039395321CF163C3000161D3 /* JiBieView.m in Sources */ = {isa = PBXBuildFile; fileRef = 039395311CF163C3000161D3 /* JiBieView.m */; };
		039395331CF192C4000161D3 /* YCSegment.m in Sources */ = {isa = PBXBuildFile; fileRef = 227314711CF18FB3009FF007 /* YCSegment.m */; };
		039F729D1CEC943D005E71BD /* YCViewController.m in Sources */ = {isa = PBXBuildFile; fileRef = 039F729C1CEC943D005E71BD /* YCViewController.m */; };
		03B37D361CE60D9600FBDAF7 /* YCCell.m in Sources */ = {isa = PBXBuildFile; fileRef = 03B37D341CE60D9600FBDAF7 /* YCCell.m */; };
		03CB3A791CF1B34B007D7F7D /* FuWuView.xib in Resources */ = {isa = PBXBuildFile; fileRef = 03CB3A781CF1B34B007D7F7D /* FuWuView.xib */; };
		03CB3A7C1CF1B4B3007D7F7D /* ZhongJianView.m in Sources */ = {isa = PBXBuildFile; fileRef = 03CB3A7B1CF1B4B3007D7F7D /* ZhongJianView.m */; };
		03D2C6421CEB5BB900B04D33 /* FujinView.m in Sources */ = {isa = PBXBuildFile; fileRef = 03D2C6411CEB5BB900B04D33 /* FujinView.m */; };
		03D2C6441CEB5BD700B04D33 /* FujinView.xib in Resources */ = {isa = PBXBuildFile; fileRef = 03D2C6431CEB5BD700B04D33 /* FujinView.xib */; };
		2263282C1CDC266C00BB023B /* UIViewController+addLeftOrRightBarButton.m in Sources */ = {isa = PBXBuildFile; fileRef = 2263282B1CDC266C00BB023B /* UIViewController+addLeftOrRightBarButton.m */; };
		226328321CDC2D3F00BB023B /* MessageViewController.m in Sources */ = {isa = PBXBuildFile; fileRef = 226328311CDC2D3F00BB023B /* MessageViewController.m */; };
		226328351CDC324E00BB023B /* UIViewController+PushViewControllerWithBarHidden.m in Sources */ = {isa = PBXBuildFile; fileRef = 226328341CDC324E00BB023B /* UIViewController+PushViewControllerWithBarHidden.m */; };
		226328401CDC3F2C00BB023B /* HeaderReusableView.m in Sources */ = {isa = PBXBuildFile; fileRef = 2263283E1CDC3F2C00BB023B /* HeaderReusableView.m */; };
		226328411CDC3F2C00BB023B /* HeaderReusableView.xib in Resources */ = {isa = PBXBuildFile; fileRef = 2263283F1CDC3F2C00BB023B /* HeaderReusableView.xib */; };
		226328451CDC6F2A00BB023B /* introduceCollectionViewCell.m in Sources */ = {isa = PBXBuildFile; fileRef = 226328431CDC6F2A00BB023B /* introduceCollectionViewCell.m */; };
		226328461CDC6F2A00BB023B /* introduceCollectionViewCell.xib in Resources */ = {isa = PBXBuildFile; fileRef = 226328441CDC6F2A00BB023B /* introduceCollectionViewCell.xib */; };
		2263284A1CDC76A800BB023B /* MainCollectionViewCell.m in Sources */ = {isa = PBXBuildFile; fileRef = 226328481CDC76A800BB023B /* MainCollectionViewCell.m */; };
		2263284B1CDC76A800BB023B /* MainCollectionViewCell.xib in Resources */ = {isa = PBXBuildFile; fileRef = 226328491CDC76A800BB023B /* MainCollectionViewCell.xib */; };
		226589001CEF2E870059EBD9 /* MainTableViewCell.m in Sources */ = {isa = PBXBuildFile; fileRef = 226588FE1CEF2E870059EBD9 /* MainTableViewCell.m */; };
		226589011CEF2E870059EBD9 /* MainTableViewCell.xib in Resources */ = {isa = PBXBuildFile; fileRef = 226588FF1CEF2E870059EBD9 /* MainTableViewCell.xib */; };
		226AC5BE1CE9E7710039A870 /* LoginController.m in Sources */ = {isa = PBXBuildFile; fileRef = 226AC5BC1CE9E7710039A870 /* LoginController.m */; };
		226AC5BF1CE9E7710039A870 /* LoginController.xib in Resources */ = {isa = PBXBuildFile; fileRef = 226AC5BD1CE9E7710039A870 /* LoginController.xib */; };
		2273146D1CF148E8009FF007 /* AdressNoMessageView.m in Sources */ = {isa = PBXBuildFile; fileRef = 2273146C1CF148E8009FF007 /* AdressNoMessageView.m */; };
		2273146F1CF14909009FF007 /* AdressNoMessageView.xib in Resources */ = {isa = PBXBuildFile; fileRef = 2273146E1CF14909009FF007 /* AdressNoMessageView.xib */; };
		2275ED691CEC8804003E8CA6 /* InformationController.m in Sources */ = {isa = PBXBuildFile; fileRef = 2275ED671CEC8804003E8CA6 /* InformationController.m */; };
		2275ED6D1CEC9570003E8CA6 /* NameController.m in Sources */ = {isa = PBXBuildFile; fileRef = 2275ED6C1CEC9570003E8CA6 /* NameController.m */; };
		22845F1B1CE34ADB004D17B4 /* SearchBackView.m in Sources */ = {isa = PBXBuildFile; fileRef = 22845F1A1CE34ADB004D17B4 /* SearchBackView.m */; };
		22845F1D1CE34AFD004D17B4 /* SearchBackView.xib in Resources */ = {isa = PBXBuildFile; fileRef = 22845F1C1CE34AFD004D17B4 /* SearchBackView.xib */; };
		22845F201CE35EAC004D17B4 /* leftBtnView.m in Sources */ = {isa = PBXBuildFile; fileRef = 22845F1F1CE35EAC004D17B4 /* leftBtnView.m */; };
		22845F221CE35ED0004D17B4 /* leftBtnView.xib in Resources */ = {isa = PBXBuildFile; fileRef = 22845F211CE35ED0004D17B4 /* leftBtnView.xib */; };
		22845F251CE3690A004D17B4 /* LocationViewController.m in Sources */ = {isa = PBXBuildFile; fileRef = 22845F241CE3690A004D17B4 /* LocationViewController.m */; };
		22956CB71CE5A8E000A503E7 /* LocationTableCell.m in Sources */ = {isa = PBXBuildFile; fileRef = 22956CB51CE5A8E000A503E7 /* LocationTableCell.m */; };
		22956CB81CE5A8E000A503E7 /* LocationTableCell.xib in Resources */ = {isa = PBXBuildFile; fileRef = 22956CB61CE5A8E000A503E7 /* LocationTableCell.xib */; };
		22956CBB1CE5AB4A00A503E7 /* LocationHeadView.m in Sources */ = {isa = PBXBuildFile; fileRef = 22956CBA1CE5AB4A00A503E7 /* LocationHeadView.m */; };
		22956CBD1CE5AB6100A503E7 /* LocationHeadView.xib in Resources */ = {isa = PBXBuildFile; fileRef = 22956CBC1CE5AB6100A503E7 /* LocationHeadView.xib */; };
		22BCD94B1CEDE89900780448 /* PasswardController.m in Sources */ = {isa = PBXBuildFile; fileRef = 22BCD94A1CEDE89900780448 /* PasswardController.m */; };
		22BCD94E1CEDF18300780448 /* AdressController.m in Sources */ = {isa = PBXBuildFile; fileRef = 22BCD94D1CEDF18300780448 /* AdressController.m */; };
		22BCD9521CEDF38500780448 /* AddPeopleController.m in Sources */ = {isa = PBXBuildFile; fileRef = 22BCD9501CEDF38500780448 /* AddPeopleController.m */; };
		22BCD9531CEDF38500780448 /* AddPeopleController.xib in Resources */ = {isa = PBXBuildFile; fileRef = 22BCD9511CEDF38500780448 /* AddPeopleController.xib */; };
		22D29AD51CE1B7630096803A /* LCViewPagerImageView.m in Sources */ = {isa = PBXBuildFile; fileRef = 22D29AD21CE1B7630096803A /* LCViewPagerImageView.m */; };
		22D29AD61CE1B7630096803A /* LCViewPagerView.m in Sources */ = {isa = PBXBuildFile; fileRef = 22D29AD41CE1B7630096803A /* LCViewPagerView.m */; };
		22D29AD91CE1CC8F0096803A /* BannerViewController.m in Sources */ = {isa = PBXBuildFile; fileRef = 22D29AD81CE1CC8F0096803A /* BannerViewController.m */; };
		22D29ADC1CE2013F0096803A /* AnimalSigle.m in Sources */ = {isa = PBXBuildFile; fileRef = 22D29ADB1CE2013F0096803A /* AnimalSigle.m */; };
		22E30A4B1CEB3571008A0EF3 /* selfTableViewCell.m in Sources */ = {isa = PBXBuildFile; fileRef = 22E30A491CEB3571008A0EF3 /* selfTableViewCell.m */; };
		22E30A4C1CEB3571008A0EF3 /* selfTableViewCell.xib in Resources */ = {isa = PBXBuildFile; fileRef = 22E30A4A1CEB3571008A0EF3 /* selfTableViewCell.xib */; };
		22E30A4F1CEB3910008A0EF3 /* selfHeadView.m in Sources */ = {isa = PBXBuildFile; fileRef = 22E30A4E1CEB3910008A0EF3 /* selfHeadView.m */; };
		22E30A511CEB3936008A0EF3 /* selfHeadView.xib in Resources */ = {isa = PBXBuildFile; fileRef = 22E30A501CEB3936008A0EF3 /* selfHeadView.xib */; };
		22E30A551CEB50F2008A0EF3 /* AnimalTools.m in Sources */ = {isa = PBXBuildFile; fileRef = 22E30A541CEB50F2008A0EF3 /* AnimalTools.m */; };
		22E40A241CE6BBCC00E64FFE /* libsqlite3.tbd in Frameworks */ = {isa = PBXBuildFile; fileRef = 22E40A231CE6BBCC00E64FFE /* libsqlite3.tbd */; };
		22E40A261CE6D46500E64FFE /* city.sqlite in Resources */ = {isa = PBXBuildFile; fileRef = 22E40A251CE6D46500E64FFE /* city.sqlite */; };
		22E7106C1CDB425400B584B5 /* main.m in Sources */ = {isa = PBXBuildFile; fileRef = 22E7106B1CDB425400B584B5 /* main.m */; };
		22E7106F1CDB425400B584B5 /* AppDelegate.m in Sources */ = {isa = PBXBuildFile; fileRef = 22E7106E1CDB425400B584B5 /* AppDelegate.m */; };
		22E710751CDB425400B584B5 /* Main.storyboard in Resources */ = {isa = PBXBuildFile; fileRef = 22E710731CDB425400B584B5 /* Main.storyboard */; };
		22E7107A1CDB425400B584B5 /* LaunchScreen.storyboard in Resources */ = {isa = PBXBuildFile; fileRef = 22E710781CDB425400B584B5 /* LaunchScreen.storyboard */; };
		22E710851CDB425400B584B5 /* ____Tests.m in Sources */ = {isa = PBXBuildFile; fileRef = 22E710841CDB425400B584B5 /* ____Tests.m */; };
		22E710901CDB425400B584B5 /* ____UITests.m in Sources */ = {isa = PBXBuildFile; fileRef = 22E7108F1CDB425400B584B5 /* ____UITests.m */; };
		22E710A71CDB43DC00B584B5 /* MainViewController.m in Sources */ = {isa = PBXBuildFile; fileRef = 22E710A61CDB43DC00B584B5 /* MainViewController.m */; };
		22E710AA1CDB442E00B584B5 /* ShopViewController.m in Sources */ = {isa = PBXBuildFile; fileRef = 22E710A91CDB442E00B584B5 /* ShopViewController.m */; };
		22E710AD1CDB445A00B584B5 /* ServeViewController.m in Sources */ = {isa = PBXBuildFile; fileRef = 22E710AC1CDB445A00B584B5 /* ServeViewController.m */; };
		22E710B41CDB46FA00B584B5 /* AnimalTabar.m in Sources */ = {isa = PBXBuildFile; fileRef = 22E710B31CDB46FA00B584B5 /* AnimalTabar.m */; };
		22E710B71CDB492F00B584B5 /* SelfViewController.m in Sources */ = {isa = PBXBuildFile; fileRef = 22E710B61CDB492F00B584B5 /* SelfViewController.m */; };
		7A8276651CF1DE0300510532 /* GLSegment.m in Sources */ = {isa = PBXBuildFile; fileRef = 7A8276641CF1DE0300510532 /* GLSegment.m */; };
		7A82766A1CF1DE1300510532 /* GoodsDetailViewController.m in Sources */ = {isa = PBXBuildFile; fileRef = 7A8276671CF1DE1300510532 /* GoodsDetailViewController.m */; };
		7A82766B1CF1DE1300510532 /* ShopCartViewController.m in Sources */ = {isa = PBXBuildFile; fileRef = 7A8276691CF1DE1300510532 /* ShopCartViewController.m */; };
		7A8276721CF1DEF700510532 /* CommentCell.m in Sources */ = {isa = PBXBuildFile; fileRef = 7A8276701CF1DEF700510532 /* CommentCell.m */; };
		7A8276731CF1DEF700510532 /* CommentCell.xib in Resources */ = {isa = PBXBuildFile; fileRef = 7A8276711CF1DEF700510532 /* CommentCell.xib */; };
		7A8276781CF1DF1E00510532 /* GoodsDetailCell.m in Sources */ = {isa = PBXBuildFile; fileRef = 7A8276761CF1DF1E00510532 /* GoodsDetailCell.m */; };
		7A8276791CF1DF1E00510532 /* GoodsDetailCell.xib in Resources */ = {isa = PBXBuildFile; fileRef = 7A8276771CF1DF1E00510532 /* GoodsDetailCell.xib */; };
		7A82767D1CF1DF2D00510532 /* ShopCollectionViewCell.m in Sources */ = {isa = PBXBuildFile; fileRef = 7A82767B1CF1DF2D00510532 /* ShopCollectionViewCell.m */; };
		7A8276821CF1DF3D00510532 /* ShopCartCell.m in Sources */ = {isa = PBXBuildFile; fileRef = 7A8276801CF1DF3D00510532 /* ShopCartCell.m */; };
		7A8276831CF1DF3D00510532 /* ShopCartCell.xib in Resources */ = {isa = PBXBuildFile; fileRef = 7A8276811CF1DF3D00510532 /* ShopCartCell.xib */; };
		7A8276921CF1E0BC00510532 /* GoodsDetailHeaderView.m in Sources */ = {isa = PBXBuildFile; fileRef = 7A8276901CF1E0BC00510532 /* GoodsDetailHeaderView.m */; };
		7A8276931CF1E0BC00510532 /* GoodsDetailHeaderView.xib in Resources */ = {isa = PBXBuildFile; fileRef = 7A8276911CF1E0BC00510532 /* GoodsDetailHeaderView.xib */; };
		7A8276971CF1E0C900510532 /* ShopHeaderReusableView.m in Sources */ = {isa = PBXBuildFile; fileRef = 7A8276951CF1E0C900510532 /* ShopHeaderReusableView.m */; };
		7A8276981CF1E0C900510532 /* ShopHeaderReusableView.xib in Resources */ = {isa = PBXBuildFile; fileRef = 7A8276961CF1E0C900510532 /* ShopHeaderReusableView.xib */; };
		7A82769D1CF1E0DB00510532 /* UIButton+layerBorder.m in Sources */ = {isa = PBXBuildFile; fileRef = 7A82769A1CF1E0DB00510532 /* UIButton+layerBorder.m */; };
		7A82769E1CF1E0DB00510532 /* UIView+frame.m in Sources */ = {isa = PBXBuildFile; fileRef = 7A82769C1CF1E0DB00510532 /* UIView+frame.m */; };
		7A8276A01CF1E13900510532 /* ShopCollectionViewCell.xib in Resources */ = {isa = PBXBuildFile; fileRef = 7A82769F1CF1E13900510532 /* ShopCollectionViewCell.xib */; };
		7A84EA831CF1D4840084643A /* Assets.xcassets in Resources */ = {isa = PBXBuildFile; fileRef = 7A84EA821CF1D4840084643A /* Assets.xcassets */; };
		C794D3117F590E41A14FB348 /* libPods.a in Frameworks */ = {isa = PBXBuildFile; fileRef = 3B3CA7DB334B77048CF99728 /* libPods.a */; };
/* End PBXBuildFile section */

/* Begin PBXContainerItemProxy section */
		22E710811CDB425400B584B5 /* PBXContainerItemProxy */ = {
			isa = PBXContainerItemProxy;
			containerPortal = 22E7105F1CDB425400B584B5 /* Project object */;
			proxyType = 1;
			remoteGlobalIDString = 22E710661CDB425400B584B5;
			remoteInfo = "宠爱有家";
		};
		22E7108C1CDB425400B584B5 /* PBXContainerItemProxy */ = {
			isa = PBXContainerItemProxy;
			containerPortal = 22E7105F1CDB425400B584B5 /* Project object */;
			proxyType = 1;
			remoteGlobalIDString = 22E710661CDB425400B584B5;
			remoteInfo = "宠爱有家";
		};
/* End PBXContainerItemProxy section */

/* Begin PBXFileReference section */
		037388D91CE9A5C500574E28 /* YCCell.xib */ = {isa = PBXFileReference; fileEncoding = 4; lastKnownFileType = file.xib; path = YCCell.xib; sourceTree = "<group>"; };
		039395301CF163C3000161D3 /* JiBieView.h */ = {isa = PBXFileReference; fileEncoding = 4; lastKnownFileType = sourcecode.c.h; path = JiBieView.h; sourceTree = "<group>"; };
		039395311CF163C3000161D3 /* JiBieView.m */ = {isa = PBXFileReference; fileEncoding = 4; lastKnownFileType = sourcecode.c.objc; path = JiBieView.m; sourceTree = "<group>"; };
		039F729B1CEC943D005E71BD /* YCViewController.h */ = {isa = PBXFileReference; fileEncoding = 4; lastKnownFileType = sourcecode.c.h; path = YCViewController.h; sourceTree = "<group>"; };
		039F729C1CEC943D005E71BD /* YCViewController.m */ = {isa = PBXFileReference; fileEncoding = 4; lastKnownFileType = sourcecode.c.objc; path = YCViewController.m; sourceTree = "<group>"; };
		03B37D331CE60D9600FBDAF7 /* YCCell.h */ = {isa = PBXFileReference; fileEncoding = 4; lastKnownFileType = sourcecode.c.h; path = YCCell.h; sourceTree = "<group>"; };
		03B37D341CE60D9600FBDAF7 /* YCCell.m */ = {isa = PBXFileReference; fileEncoding = 4; lastKnownFileType = sourcecode.c.objc; path = YCCell.m; sourceTree = "<group>"; };
		03CB3A781CF1B34B007D7F7D /* FuWuView.xib */ = {isa = PBXFileReference; fileEncoding = 4; lastKnownFileType = file.xib; path = FuWuView.xib; sourceTree = "<group>"; };
		03CB3A7A1CF1B4B3007D7F7D /* ZhongJianView.h */ = {isa = PBXFileReference; fileEncoding = 4; lastKnownFileType = sourcecode.c.h; path = ZhongJianView.h; sourceTree = "<group>"; };
		03CB3A7B1CF1B4B3007D7F7D /* ZhongJianView.m */ = {isa = PBXFileReference; fileEncoding = 4; lastKnownFileType = sourcecode.c.objc; path = ZhongJianView.m; sourceTree = "<group>"; };
		03D2C6401CEB5BB900B04D33 /* FujinView.h */ = {isa = PBXFileReference; fileEncoding = 4; lastKnownFileType = sourcecode.c.h; path = FujinView.h; sourceTree = "<group>"; };
		03D2C6411CEB5BB900B04D33 /* FujinView.m */ = {isa = PBXFileReference; fileEncoding = 4; lastKnownFileType = sourcecode.c.objc; path = FujinView.m; sourceTree = "<group>"; };
		03D2C6431CEB5BD700B04D33 /* FujinView.xib */ = {isa = PBXFileReference; fileEncoding = 4; lastKnownFileType = file.xib; path = FujinView.xib; sourceTree = "<group>"; };
		2263282A1CDC266C00BB023B /* UIViewController+addLeftOrRightBarButton.h */ = {isa = PBXFileReference; fileEncoding = 4; lastKnownFileType = sourcecode.c.h; path = "UIViewController+addLeftOrRightBarButton.h"; sourceTree = "<group>"; };
		2263282B1CDC266C00BB023B /* UIViewController+addLeftOrRightBarButton.m */ = {isa = PBXFileReference; fileEncoding = 4; lastKnownFileType = sourcecode.c.objc; path = "UIViewController+addLeftOrRightBarButton.m"; sourceTree = "<group>"; };
		226328301CDC2D3F00BB023B /* MessageViewController.h */ = {isa = PBXFileReference; fileEncoding = 4; lastKnownFileType = sourcecode.c.h; path = MessageViewController.h; sourceTree = "<group>"; };
		226328311CDC2D3F00BB023B /* MessageViewController.m */ = {isa = PBXFileReference; fileEncoding = 4; lastKnownFileType = sourcecode.c.objc; path = MessageViewController.m; sourceTree = "<group>"; };
		226328331CDC324E00BB023B /* UIViewController+PushViewControllerWithBarHidden.h */ = {isa = PBXFileReference; fileEncoding = 4; lastKnownFileType = sourcecode.c.h; path = "UIViewController+PushViewControllerWithBarHidden.h"; sourceTree = "<group>"; };
		226328341CDC324E00BB023B /* UIViewController+PushViewControllerWithBarHidden.m */ = {isa = PBXFileReference; fileEncoding = 4; lastKnownFileType = sourcecode.c.objc; path = "UIViewController+PushViewControllerWithBarHidden.m"; sourceTree = "<group>"; };
		2263283D1CDC3F2C00BB023B /* HeaderReusableView.h */ = {isa = PBXFileReference; fileEncoding = 4; lastKnownFileType = sourcecode.c.h; path = HeaderReusableView.h; sourceTree = "<group>"; };
		2263283E1CDC3F2C00BB023B /* HeaderReusableView.m */ = {isa = PBXFileReference; fileEncoding = 4; lastKnownFileType = sourcecode.c.objc; path = HeaderReusableView.m; sourceTree = "<group>"; };
		2263283F1CDC3F2C00BB023B /* HeaderReusableView.xib */ = {isa = PBXFileReference; fileEncoding = 4; lastKnownFileType = file.xib; path = HeaderReusableView.xib; sourceTree = "<group>"; };
		226328421CDC6F2A00BB023B /* introduceCollectionViewCell.h */ = {isa = PBXFileReference; fileEncoding = 4; lastKnownFileType = sourcecode.c.h; path = introduceCollectionViewCell.h; sourceTree = "<group>"; };
		226328431CDC6F2A00BB023B /* introduceCollectionViewCell.m */ = {isa = PBXFileReference; fileEncoding = 4; lastKnownFileType = sourcecode.c.objc; path = introduceCollectionViewCell.m; sourceTree = "<group>"; };
		226328441CDC6F2A00BB023B /* introduceCollectionViewCell.xib */ = {isa = PBXFileReference; fileEncoding = 4; lastKnownFileType = file.xib; path = introduceCollectionViewCell.xib; sourceTree = "<group>"; };
		226328471CDC76A800BB023B /* MainCollectionViewCell.h */ = {isa = PBXFileReference; fileEncoding = 4; lastKnownFileType = sourcecode.c.h; path = MainCollectionViewCell.h; sourceTree = "<group>"; };
		226328481CDC76A800BB023B /* MainCollectionViewCell.m */ = {isa = PBXFileReference; fileEncoding = 4; lastKnownFileType = sourcecode.c.objc; path = MainCollectionViewCell.m; sourceTree = "<group>"; };
		226328491CDC76A800BB023B /* MainCollectionViewCell.xib */ = {isa = PBXFileReference; fileEncoding = 4; lastKnownFileType = file.xib; path = MainCollectionViewCell.xib; sourceTree = "<group>"; };
		226588FD1CEF2E870059EBD9 /* MainTableViewCell.h */ = {isa = PBXFileReference; fileEncoding = 4; lastKnownFileType = sourcecode.c.h; path = MainTableViewCell.h; sourceTree = "<group>"; };
		226588FE1CEF2E870059EBD9 /* MainTableViewCell.m */ = {isa = PBXFileReference; fileEncoding = 4; lastKnownFileType = sourcecode.c.objc; path = MainTableViewCell.m; sourceTree = "<group>"; };
		226588FF1CEF2E870059EBD9 /* MainTableViewCell.xib */ = {isa = PBXFileReference; fileEncoding = 4; lastKnownFileType = file.xib; path = MainTableViewCell.xib; sourceTree = "<group>"; };
		226AC5BB1CE9E7710039A870 /* LoginController.h */ = {isa = PBXFileReference; fileEncoding = 4; lastKnownFileType = sourcecode.c.h; path = LoginController.h; sourceTree = "<group>"; };
		226AC5BC1CE9E7710039A870 /* LoginController.m */ = {isa = PBXFileReference; fileEncoding = 4; lastKnownFileType = sourcecode.c.objc; path = LoginController.m; sourceTree = "<group>"; };
		226AC5BD1CE9E7710039A870 /* LoginController.xib */ = {isa = PBXFileReference; fileEncoding = 4; lastKnownFileType = file.xib; path = LoginController.xib; sourceTree = "<group>"; };
		2273146B1CF148E8009FF007 /* AdressNoMessageView.h */ = {isa = PBXFileReference; fileEncoding = 4; lastKnownFileType = sourcecode.c.h; path = AdressNoMessageView.h; sourceTree = "<group>"; };
		2273146C1CF148E8009FF007 /* AdressNoMessageView.m */ = {isa = PBXFileReference; fileEncoding = 4; lastKnownFileType = sourcecode.c.objc; path = AdressNoMessageView.m; sourceTree = "<group>"; };
		2273146E1CF14909009FF007 /* AdressNoMessageView.xib */ = {isa = PBXFileReference; fileEncoding = 4; lastKnownFileType = file.xib; path = AdressNoMessageView.xib; sourceTree = "<group>"; };
		227314711CF18FB3009FF007 /* YCSegment.m */ = {isa = PBXFileReference; fileEncoding = 4; lastKnownFileType = sourcecode.c.objc; path = YCSegment.m; sourceTree = "<group>"; };
		227314741CF18FE8009FF007 /* YCSegment.h */ = {isa = PBXFileReference; fileEncoding = 4; lastKnownFileType = sourcecode.c.h; path = YCSegment.h; sourceTree = "<group>"; };
		2275ED661CEC8804003E8CA6 /* InformationController.h */ = {isa = PBXFileReference; fileEncoding = 4; lastKnownFileType = sourcecode.c.h; path = InformationController.h; sourceTree = "<group>"; };
		2275ED671CEC8804003E8CA6 /* InformationController.m */ = {isa = PBXFileReference; fileEncoding = 4; lastKnownFileType = sourcecode.c.objc; path = InformationController.m; sourceTree = "<group>"; };
		2275ED6B1CEC9570003E8CA6 /* NameController.h */ = {isa = PBXFileReference; fileEncoding = 4; lastKnownFileType = sourcecode.c.h; path = NameController.h; sourceTree = "<group>"; };
		2275ED6C1CEC9570003E8CA6 /* NameController.m */ = {isa = PBXFileReference; fileEncoding = 4; lastKnownFileType = sourcecode.c.objc; path = NameController.m; sourceTree = "<group>"; };
		22845F191CE34ADB004D17B4 /* SearchBackView.h */ = {isa = PBXFileReference; fileEncoding = 4; lastKnownFileType = sourcecode.c.h; path = SearchBackView.h; sourceTree = "<group>"; };
		22845F1A1CE34ADB004D17B4 /* SearchBackView.m */ = {isa = PBXFileReference; fileEncoding = 4; lastKnownFileType = sourcecode.c.objc; path = SearchBackView.m; sourceTree = "<group>"; };
		22845F1C1CE34AFD004D17B4 /* SearchBackView.xib */ = {isa = PBXFileReference; fileEncoding = 4; lastKnownFileType = file.xib; path = SearchBackView.xib; sourceTree = "<group>"; };
		22845F1E1CE35EAC004D17B4 /* leftBtnView.h */ = {isa = PBXFileReference; fileEncoding = 4; lastKnownFileType = sourcecode.c.h; path = leftBtnView.h; sourceTree = "<group>"; };
		22845F1F1CE35EAC004D17B4 /* leftBtnView.m */ = {isa = PBXFileReference; fileEncoding = 4; lastKnownFileType = sourcecode.c.objc; path = leftBtnView.m; sourceTree = "<group>"; };
		22845F211CE35ED0004D17B4 /* leftBtnView.xib */ = {isa = PBXFileReference; fileEncoding = 4; lastKnownFileType = file.xib; path = leftBtnView.xib; sourceTree = "<group>"; };
		22845F231CE3690A004D17B4 /* LocationViewController.h */ = {isa = PBXFileReference; fileEncoding = 4; lastKnownFileType = sourcecode.c.h; path = LocationViewController.h; sourceTree = "<group>"; };
		22845F241CE3690A004D17B4 /* LocationViewController.m */ = {isa = PBXFileReference; fileEncoding = 4; lastKnownFileType = sourcecode.c.objc; path = LocationViewController.m; sourceTree = "<group>"; };
		22956CB41CE5A8E000A503E7 /* LocationTableCell.h */ = {isa = PBXFileReference; fileEncoding = 4; lastKnownFileType = sourcecode.c.h; path = LocationTableCell.h; sourceTree = "<group>"; };
		22956CB51CE5A8E000A503E7 /* LocationTableCell.m */ = {isa = PBXFileReference; fileEncoding = 4; lastKnownFileType = sourcecode.c.objc; path = LocationTableCell.m; sourceTree = "<group>"; };
		22956CB61CE5A8E000A503E7 /* LocationTableCell.xib */ = {isa = PBXFileReference; fileEncoding = 4; lastKnownFileType = file.xib; path = LocationTableCell.xib; sourceTree = "<group>"; };
		22956CB91CE5AB4A00A503E7 /* LocationHeadView.h */ = {isa = PBXFileReference; fileEncoding = 4; lastKnownFileType = sourcecode.c.h; path = LocationHeadView.h; sourceTree = "<group>"; };
		22956CBA1CE5AB4A00A503E7 /* LocationHeadView.m */ = {isa = PBXFileReference; fileEncoding = 4; lastKnownFileType = sourcecode.c.objc; path = LocationHeadView.m; sourceTree = "<group>"; };
		22956CBC1CE5AB6100A503E7 /* LocationHeadView.xib */ = {isa = PBXFileReference; fileEncoding = 4; lastKnownFileType = file.xib; path = LocationHeadView.xib; sourceTree = "<group>"; };
		22BCD9461CEDE00A00780448 /* SetNumberController.h */ = {isa = PBXFileReference; fileEncoding = 4; lastKnownFileType = sourcecode.c.h; path = SetNumberController.h; sourceTree = "<group>"; };
		22BCD9471CEDE00A00780448 /* SetNumberController.m */ = {isa = PBXFileReference; fileEncoding = 4; lastKnownFileType = sourcecode.c.objc; path = SetNumberController.m; sourceTree = "<group>"; };
		22BCD9491CEDE89900780448 /* PasswardController.h */ = {isa = PBXFileReference; fileEncoding = 4; lastKnownFileType = sourcecode.c.h; path = PasswardController.h; sourceTree = "<group>"; };
		22BCD94A1CEDE89900780448 /* PasswardController.m */ = {isa = PBXFileReference; fileEncoding = 4; lastKnownFileType = sourcecode.c.objc; path = PasswardController.m; sourceTree = "<group>"; };
		22BCD94C1CEDF18300780448 /* AdressController.h */ = {isa = PBXFileReference; fileEncoding = 4; lastKnownFileType = sourcecode.c.h; path = AdressController.h; sourceTree = "<group>"; };
		22BCD94D1CEDF18300780448 /* AdressController.m */ = {isa = PBXFileReference; fileEncoding = 4; lastKnownFileType = sourcecode.c.objc; path = AdressController.m; sourceTree = "<group>"; };
		22BCD94F1CEDF38500780448 /* AddPeopleController.h */ = {isa = PBXFileReference; fileEncoding = 4; lastKnownFileType = sourcecode.c.h; path = AddPeopleController.h; sourceTree = "<group>"; };
		22BCD9501CEDF38500780448 /* AddPeopleController.m */ = {isa = PBXFileReference; fileEncoding = 4; lastKnownFileType = sourcecode.c.objc; path = AddPeopleController.m; sourceTree = "<group>"; };
		22BCD9511CEDF38500780448 /* AddPeopleController.xib */ = {isa = PBXFileReference; fileEncoding = 4; lastKnownFileType = file.xib; path = AddPeopleController.xib; sourceTree = "<group>"; };
		22D29AD11CE1B7630096803A /* LCViewPagerImageView.h */ = {isa = PBXFileReference; fileEncoding = 4; lastKnownFileType = sourcecode.c.h; path = LCViewPagerImageView.h; sourceTree = "<group>"; };
		22D29AD21CE1B7630096803A /* LCViewPagerImageView.m */ = {isa = PBXFileReference; fileEncoding = 4; lastKnownFileType = sourcecode.c.objc; path = LCViewPagerImageView.m; sourceTree = "<group>"; };
		22D29AD31CE1B7630096803A /* LCViewPagerView.h */ = {isa = PBXFileReference; fileEncoding = 4; lastKnownFileType = sourcecode.c.h; path = LCViewPagerView.h; sourceTree = "<group>"; };
		22D29AD41CE1B7630096803A /* LCViewPagerView.m */ = {isa = PBXFileReference; fileEncoding = 4; lastKnownFileType = sourcecode.c.objc; path = LCViewPagerView.m; sourceTree = "<group>"; };
		22D29AD71CE1CC8F0096803A /* BannerViewController.h */ = {isa = PBXFileReference; fileEncoding = 4; lastKnownFileType = sourcecode.c.h; path = BannerViewController.h; sourceTree = "<group>"; };
		22D29AD81CE1CC8F0096803A /* BannerViewController.m */ = {isa = PBXFileReference; fileEncoding = 4; lastKnownFileType = sourcecode.c.objc; path = BannerViewController.m; sourceTree = "<group>"; };
		22D29ADA1CE2013F0096803A /* AnimalSigle.h */ = {isa = PBXFileReference; fileEncoding = 4; lastKnownFileType = sourcecode.c.h; path = AnimalSigle.h; sourceTree = "<group>"; };
		22D29ADB1CE2013F0096803A /* AnimalSigle.m */ = {isa = PBXFileReference; fileEncoding = 4; lastKnownFileType = sourcecode.c.objc; path = AnimalSigle.m; sourceTree = "<group>"; };
		22E30A481CEB3571008A0EF3 /* selfTableViewCell.h */ = {isa = PBXFileReference; fileEncoding = 4; lastKnownFileType = sourcecode.c.h; path = selfTableViewCell.h; sourceTree = "<group>"; };
		22E30A491CEB3571008A0EF3 /* selfTableViewCell.m */ = {isa = PBXFileReference; fileEncoding = 4; lastKnownFileType = sourcecode.c.objc; path = selfTableViewCell.m; sourceTree = "<group>"; };
		22E30A4A1CEB3571008A0EF3 /* selfTableViewCell.xib */ = {isa = PBXFileReference; fileEncoding = 4; lastKnownFileType = file.xib; path = selfTableViewCell.xib; sourceTree = "<group>"; };
		22E30A4D1CEB3910008A0EF3 /* selfHeadView.h */ = {isa = PBXFileReference; fileEncoding = 4; lastKnownFileType = sourcecode.c.h; path = selfHeadView.h; sourceTree = "<group>"; };
		22E30A4E1CEB3910008A0EF3 /* selfHeadView.m */ = {isa = PBXFileReference; fileEncoding = 4; lastKnownFileType = sourcecode.c.objc; path = selfHeadView.m; sourceTree = "<group>"; };
		22E30A501CEB3936008A0EF3 /* selfHeadView.xib */ = {isa = PBXFileReference; fileEncoding = 4; lastKnownFileType = file.xib; path = selfHeadView.xib; sourceTree = "<group>"; };
		22E30A531CEB50F2008A0EF3 /* AnimalTools.h */ = {isa = PBXFileReference; fileEncoding = 4; lastKnownFileType = sourcecode.c.h; path = AnimalTools.h; sourceTree = "<group>"; };
		22E30A541CEB50F2008A0EF3 /* AnimalTools.m */ = {isa = PBXFileReference; fileEncoding = 4; lastKnownFileType = sourcecode.c.objc; path = AnimalTools.m; sourceTree = "<group>"; };
		22E40A231CE6BBCC00E64FFE /* libsqlite3.tbd */ = {isa = PBXFileReference; lastKnownFileType = "sourcecode.text-based-dylib-definition"; name = libsqlite3.tbd; path = usr/lib/libsqlite3.tbd; sourceTree = SDKROOT; };
		22E40A251CE6D46500E64FFE /* city.sqlite */ = {isa = PBXFileReference; lastKnownFileType = file; path = city.sqlite; sourceTree = "<group>"; };
		22E710671CDB425400B584B5 /* 宠爱有家.app */ = {isa = PBXFileReference; explicitFileType = wrapper.application; includeInIndex = 0; path = "宠爱有家.app"; sourceTree = BUILT_PRODUCTS_DIR; };
		22E7106B1CDB425400B584B5 /* main.m */ = {isa = PBXFileReference; lastKnownFileType = sourcecode.c.objc; path = main.m; sourceTree = "<group>"; };
		22E7106D1CDB425400B584B5 /* AppDelegate.h */ = {isa = PBXFileReference; lastKnownFileType = sourcecode.c.h; path = AppDelegate.h; sourceTree = "<group>"; };
		22E7106E1CDB425400B584B5 /* AppDelegate.m */ = {isa = PBXFileReference; lastKnownFileType = sourcecode.c.objc; path = AppDelegate.m; sourceTree = "<group>"; };
		22E710741CDB425400B584B5 /* Base */ = {isa = PBXFileReference; lastKnownFileType = file.storyboard; name = Base; path = Base.lproj/Main.storyboard; sourceTree = "<group>"; };
		22E710791CDB425400B584B5 /* Base */ = {isa = PBXFileReference; lastKnownFileType = file.storyboard; name = Base; path = Base.lproj/LaunchScreen.storyboard; sourceTree = "<group>"; };
		22E7107B1CDB425400B584B5 /* Info.plist */ = {isa = PBXFileReference; lastKnownFileType = text.plist.xml; path = Info.plist; sourceTree = "<group>"; };
		22E710801CDB425400B584B5 /* 宠爱有家Tests.xctest */ = {isa = PBXFileReference; explicitFileType = wrapper.cfbundle; includeInIndex = 0; path = "宠爱有家Tests.xctest"; sourceTree = BUILT_PRODUCTS_DIR; };
		22E710841CDB425400B584B5 /* ____Tests.m */ = {isa = PBXFileReference; lastKnownFileType = sourcecode.c.objc; path = "____Tests.m"; sourceTree = "<group>"; };
		22E710861CDB425400B584B5 /* Info.plist */ = {isa = PBXFileReference; lastKnownFileType = text.plist.xml; path = Info.plist; sourceTree = "<group>"; };
		22E7108B1CDB425400B584B5 /* 宠爱有家UITests.xctest */ = {isa = PBXFileReference; explicitFileType = wrapper.cfbundle; includeInIndex = 0; path = "宠爱有家UITests.xctest"; sourceTree = BUILT_PRODUCTS_DIR; };
		22E7108F1CDB425400B584B5 /* ____UITests.m */ = {isa = PBXFileReference; lastKnownFileType = sourcecode.c.objc; path = "____UITests.m"; sourceTree = "<group>"; };
		22E710911CDB425400B584B5 /* Info.plist */ = {isa = PBXFileReference; lastKnownFileType = text.plist.xml; path = Info.plist; sourceTree = "<group>"; };
		22E710A51CDB43DC00B584B5 /* MainViewController.h */ = {isa = PBXFileReference; fileEncoding = 4; lastKnownFileType = sourcecode.c.h; path = MainViewController.h; sourceTree = "<group>"; };
		22E710A61CDB43DC00B584B5 /* MainViewController.m */ = {isa = PBXFileReference; fileEncoding = 4; lastKnownFileType = sourcecode.c.objc; path = MainViewController.m; sourceTree = "<group>"; };
		22E710A81CDB442E00B584B5 /* ShopViewController.h */ = {isa = PBXFileReference; fileEncoding = 4; lastKnownFileType = sourcecode.c.h; path = ShopViewController.h; sourceTree = "<group>"; };
		22E710A91CDB442E00B584B5 /* ShopViewController.m */ = {isa = PBXFileReference; fileEncoding = 4; lastKnownFileType = sourcecode.c.objc; path = ShopViewController.m; sourceTree = "<group>"; };
		22E710AB1CDB445A00B584B5 /* ServeViewController.h */ = {isa = PBXFileReference; fileEncoding = 4; lastKnownFileType = sourcecode.c.h; path = ServeViewController.h; sourceTree = "<group>"; };
		22E710AC1CDB445A00B584B5 /* ServeViewController.m */ = {isa = PBXFileReference; fileEncoding = 4; lastKnownFileType = sourcecode.c.objc; path = ServeViewController.m; sourceTree = "<group>"; };
		22E710B11CDB44E700B584B5 /* AnimalPCH.pch */ = {isa = PBXFileReference; lastKnownFileType = sourcecode.c.h; path = AnimalPCH.pch; sourceTree = "<group>"; };
		22E710B21CDB46FA00B584B5 /* AnimalTabar.h */ = {isa = PBXFileReference; fileEncoding = 4; lastKnownFileType = sourcecode.c.h; path = AnimalTabar.h; sourceTree = "<group>"; };
		22E710B31CDB46FA00B584B5 /* AnimalTabar.m */ = {isa = PBXFileReference; fileEncoding = 4; lastKnownFileType = sourcecode.c.objc; path = AnimalTabar.m; sourceTree = "<group>"; };
		22E710B51CDB492F00B584B5 /* SelfViewController.h */ = {isa = PBXFileReference; fileEncoding = 4; lastKnownFileType = sourcecode.c.h; path = SelfViewController.h; sourceTree = "<group>"; };
		22E710B61CDB492F00B584B5 /* SelfViewController.m */ = {isa = PBXFileReference; fileEncoding = 4; lastKnownFileType = sourcecode.c.objc; path = SelfViewController.m; sourceTree = "<group>"; };
		38429E2EF01B8FCFA32A0349 /* Pods.release.xcconfig */ = {isa = PBXFileReference; includeInIndex = 1; lastKnownFileType = text.xcconfig; name = Pods.release.xcconfig; path = "Pods/Target Support Files/Pods/Pods.release.xcconfig"; sourceTree = "<group>"; };
		3B3CA7DB334B77048CF99728 /* libPods.a */ = {isa = PBXFileReference; explicitFileType = archive.ar; includeInIndex = 0; path = libPods.a; sourceTree = BUILT_PRODUCTS_DIR; };
		76642C5C6F3E5B091A4A4F19 /* Pods.debug.xcconfig */ = {isa = PBXFileReference; includeInIndex = 1; lastKnownFileType = text.xcconfig; name = Pods.debug.xcconfig; path = "Pods/Target Support Files/Pods/Pods.debug.xcconfig"; sourceTree = "<group>"; };
		7A8276631CF1DE0300510532 /* GLSegment.h */ = {isa = PBXFileReference; fileEncoding = 4; lastKnownFileType = sourcecode.c.h; path = GLSegment.h; sourceTree = "<group>"; };
		7A8276641CF1DE0300510532 /* GLSegment.m */ = {isa = PBXFileReference; fileEncoding = 4; lastKnownFileType = sourcecode.c.objc; path = GLSegment.m; sourceTree = "<group>"; };
		7A8276661CF1DE1300510532 /* GoodsDetailViewController.h */ = {isa = PBXFileReference; fileEncoding = 4; lastKnownFileType = sourcecode.c.h; path = GoodsDetailViewController.h; sourceTree = "<group>"; };
		7A8276671CF1DE1300510532 /* GoodsDetailViewController.m */ = {isa = PBXFileReference; fileEncoding = 4; lastKnownFileType = sourcecode.c.objc; path = GoodsDetailViewController.m; sourceTree = "<group>"; };
		7A8276681CF1DE1300510532 /* ShopCartViewController.h */ = {isa = PBXFileReference; fileEncoding = 4; lastKnownFileType = sourcecode.c.h; path = ShopCartViewController.h; sourceTree = "<group>"; };
		7A8276691CF1DE1300510532 /* ShopCartViewController.m */ = {isa = PBXFileReference; fileEncoding = 4; lastKnownFileType = sourcecode.c.objc; path = ShopCartViewController.m; sourceTree = "<group>"; };
		7A82766F1CF1DEF700510532 /* CommentCell.h */ = {isa = PBXFileReference; fileEncoding = 4; lastKnownFileType = sourcecode.c.h; path = CommentCell.h; sourceTree = "<group>"; };
		7A8276701CF1DEF700510532 /* CommentCell.m */ = {isa = PBXFileReference; fileEncoding = 4; lastKnownFileType = sourcecode.c.objc; path = CommentCell.m; sourceTree = "<group>"; };
		7A8276711CF1DEF700510532 /* CommentCell.xib */ = {isa = PBXFileReference; fileEncoding = 4; lastKnownFileType = file.xib; path = CommentCell.xib; sourceTree = "<group>"; };
		7A8276751CF1DF1E00510532 /* GoodsDetailCell.h */ = {isa = PBXFileReference; fileEncoding = 4; lastKnownFileType = sourcecode.c.h; path = GoodsDetailCell.h; sourceTree = "<group>"; };
		7A8276761CF1DF1E00510532 /* GoodsDetailCell.m */ = {isa = PBXFileReference; fileEncoding = 4; lastKnownFileType = sourcecode.c.objc; path = GoodsDetailCell.m; sourceTree = "<group>"; };
		7A8276771CF1DF1E00510532 /* GoodsDetailCell.xib */ = {isa = PBXFileReference; fileEncoding = 4; lastKnownFileType = file.xib; path = GoodsDetailCell.xib; sourceTree = "<group>"; };
		7A82767A1CF1DF2D00510532 /* ShopCollectionViewCell.h */ = {isa = PBXFileReference; fileEncoding = 4; lastKnownFileType = sourcecode.c.h; path = ShopCollectionViewCell.h; sourceTree = "<group>"; };
		7A82767B1CF1DF2D00510532 /* ShopCollectionViewCell.m */ = {isa = PBXFileReference; fileEncoding = 4; lastKnownFileType = sourcecode.c.objc; path = ShopCollectionViewCell.m; sourceTree = "<group>"; };
		7A82767F1CF1DF3D00510532 /* ShopCartCell.h */ = {isa = PBXFileReference; fileEncoding = 4; lastKnownFileType = sourcecode.c.h; path = ShopCartCell.h; sourceTree = "<group>"; };
		7A8276801CF1DF3D00510532 /* ShopCartCell.m */ = {isa = PBXFileReference; fileEncoding = 4; lastKnownFileType = sourcecode.c.objc; path = ShopCartCell.m; sourceTree = "<group>"; };
		7A8276811CF1DF3D00510532 /* ShopCartCell.xib */ = {isa = PBXFileReference; fileEncoding = 4; lastKnownFileType = file.xib; path = ShopCartCell.xib; sourceTree = "<group>"; };
		7A82768F1CF1E0BC00510532 /* GoodsDetailHeaderView.h */ = {isa = PBXFileReference; fileEncoding = 4; lastKnownFileType = sourcecode.c.h; path = GoodsDetailHeaderView.h; sourceTree = "<group>"; };
		7A8276901CF1E0BC00510532 /* GoodsDetailHeaderView.m */ = {isa = PBXFileReference; fileEncoding = 4; lastKnownFileType = sourcecode.c.objc; path = GoodsDetailHeaderView.m; sourceTree = "<group>"; };
		7A8276911CF1E0BC00510532 /* GoodsDetailHeaderView.xib */ = {isa = PBXFileReference; fileEncoding = 4; lastKnownFileType = file.xib; path = GoodsDetailHeaderView.xib; sourceTree = "<group>"; };
		7A8276941CF1E0C900510532 /* ShopHeaderReusableView.h */ = {isa = PBXFileReference; fileEncoding = 4; lastKnownFileType = sourcecode.c.h; path = ShopHeaderReusableView.h; sourceTree = "<group>"; };
		7A8276951CF1E0C900510532 /* ShopHeaderReusableView.m */ = {isa = PBXFileReference; fileEncoding = 4; lastKnownFileType = sourcecode.c.objc; path = ShopHeaderReusableView.m; sourceTree = "<group>"; };
		7A8276961CF1E0C900510532 /* ShopHeaderReusableView.xib */ = {isa = PBXFileReference; fileEncoding = 4; lastKnownFileType = file.xib; path = ShopHeaderReusableView.xib; sourceTree = "<group>"; };
		7A8276991CF1E0DB00510532 /* UIButton+layerBorder.h */ = {isa = PBXFileReference; fileEncoding = 4; lastKnownFileType = sourcecode.c.h; path = "UIButton+layerBorder.h"; sourceTree = "<group>"; };
		7A82769A1CF1E0DB00510532 /* UIButton+layerBorder.m */ = {isa = PBXFileReference; fileEncoding = 4; lastKnownFileType = sourcecode.c.objc; path = "UIButton+layerBorder.m"; sourceTree = "<group>"; };
		7A82769B1CF1E0DB00510532 /* UIView+frame.h */ = {isa = PBXFileReference; fileEncoding = 4; lastKnownFileType = sourcecode.c.h; path = "UIView+frame.h"; sourceTree = "<group>"; };
		7A82769C1CF1E0DB00510532 /* UIView+frame.m */ = {isa = PBXFileReference; fileEncoding = 4; lastKnownFileType = sourcecode.c.objc; path = "UIView+frame.m"; sourceTree = "<group>"; };
		7A82769F1CF1E13900510532 /* ShopCollectionViewCell.xib */ = {isa = PBXFileReference; fileEncoding = 4; lastKnownFileType = file.xib; path = ShopCollectionViewCell.xib; sourceTree = "<group>"; };
		7A84EA821CF1D4840084643A /* Assets.xcassets */ = {isa = PBXFileReference; lastKnownFileType = folder.assetcatalog; path = Assets.xcassets; sourceTree = "<group>"; };
/* End PBXFileReference section */

/* Begin PBXFrameworksBuildPhase section */
		22E710641CDB425400B584B5 /* Frameworks */ = {
			isa = PBXFrameworksBuildPhase;
			buildActionMask = 2147483647;
			files = (
				22E40A241CE6BBCC00E64FFE /* libsqlite3.tbd in Frameworks */,
				C794D3117F590E41A14FB348 /* libPods.a in Frameworks */,
			);
			runOnlyForDeploymentPostprocessing = 0;
		};
		22E7107D1CDB425400B584B5 /* Frameworks */ = {
			isa = PBXFrameworksBuildPhase;
			buildActionMask = 2147483647;
			files = (
			);
			runOnlyForDeploymentPostprocessing = 0;
		};
		22E710881CDB425400B584B5 /* Frameworks */ = {
			isa = PBXFrameworksBuildPhase;
			buildActionMask = 2147483647;
			files = (
			);
			runOnlyForDeploymentPostprocessing = 0;
		};
/* End PBXFrameworksBuildPhase section */

/* Begin PBXGroup section */
		03402BBF1CE1C3A9007B5323 /* Controller */ = {
			isa = PBXGroup;
			children = (
				22E710AB1CDB445A00B584B5 /* ServeViewController.h */,
				22E710AC1CDB445A00B584B5 /* ServeViewController.m */,
				039F729B1CEC943D005E71BD /* YCViewController.h */,
				039F729C1CEC943D005E71BD /* YCViewController.m */,
				039395301CF163C3000161D3 /* JiBieView.h */,
				039395311CF163C3000161D3 /* JiBieView.m */,
			);
			name = Controller;
			sourceTree = "<group>";
		};
		03402BC01CE1C3BA007B5323 /* View */ = {
			isa = PBXGroup;
			children = (
				03B37D331CE60D9600FBDAF7 /* YCCell.h */,
				03B37D341CE60D9600FBDAF7 /* YCCell.m */,
				037388D91CE9A5C500574E28 /* YCCell.xib */,
				03D2C6401CEB5BB900B04D33 /* FujinView.h */,
				03D2C6411CEB5BB900B04D33 /* FujinView.m */,
				03D2C6431CEB5BD700B04D33 /* FujinView.xib */,
				03CB3A7A1CF1B4B3007D7F7D /* ZhongJianView.h */,
				03CB3A7B1CF1B4B3007D7F7D /* ZhongJianView.m */,
				03CB3A781CF1B34B007D7F7D /* FuWuView.xib */,
			);
			name = View;
			sourceTree = "<group>";
		};
		03402BC11CE1C3C2007B5323 /* Model */ = {
			isa = PBXGroup;
			children = (
			);
			name = Model;
			sourceTree = "<group>";
		};
		03402C401CE216AF007B5323 /* Segment */ = {
			isa = PBXGroup;
			children = (
				227314741CF18FE8009FF007 /* YCSegment.h */,
				227314711CF18FB3009FF007 /* YCSegment.m */,
			);
			name = Segment;
			sourceTree = "<group>";
		};
		226328361CDC352700BB023B /* ViewController */ = {
			isa = PBXGroup;
			children = (
				22E710A51CDB43DC00B584B5 /* MainViewController.h */,
				22E710A61CDB43DC00B584B5 /* MainViewController.m */,
				226328301CDC2D3F00BB023B /* MessageViewController.h */,
				226328311CDC2D3F00BB023B /* MessageViewController.m */,
				22D29AD71CE1CC8F0096803A /* BannerViewController.h */,
				22D29AD81CE1CC8F0096803A /* BannerViewController.m */,
				22845F231CE3690A004D17B4 /* LocationViewController.h */,
				22845F241CE3690A004D17B4 /* LocationViewController.m */,
			);
			name = ViewController;
			sourceTree = "<group>";
		};
		226328371CDC361500BB023B /* Views */ = {
			isa = PBXGroup;
			children = (
				2263283D1CDC3F2C00BB023B /* HeaderReusableView.h */,
				2263283E1CDC3F2C00BB023B /* HeaderReusableView.m */,
				2263283F1CDC3F2C00BB023B /* HeaderReusableView.xib */,
				226328421CDC6F2A00BB023B /* introduceCollectionViewCell.h */,
				226328431CDC6F2A00BB023B /* introduceCollectionViewCell.m */,
				226328441CDC6F2A00BB023B /* introduceCollectionViewCell.xib */,
				226328471CDC76A800BB023B /* MainCollectionViewCell.h */,
				226328481CDC76A800BB023B /* MainCollectionViewCell.m */,
				226328491CDC76A800BB023B /* MainCollectionViewCell.xib */,
				22845F191CE34ADB004D17B4 /* SearchBackView.h */,
				22845F1A1CE34ADB004D17B4 /* SearchBackView.m */,
				22845F1C1CE34AFD004D17B4 /* SearchBackView.xib */,
				22845F1E1CE35EAC004D17B4 /* leftBtnView.h */,
				22845F1F1CE35EAC004D17B4 /* leftBtnView.m */,
				22845F211CE35ED0004D17B4 /* leftBtnView.xib */,
				22956CB41CE5A8E000A503E7 /* LocationTableCell.h */,
				22956CB51CE5A8E000A503E7 /* LocationTableCell.m */,
				22956CB61CE5A8E000A503E7 /* LocationTableCell.xib */,
				22956CB91CE5AB4A00A503E7 /* LocationHeadView.h */,
				22956CBA1CE5AB4A00A503E7 /* LocationHeadView.m */,
				22956CBC1CE5AB6100A503E7 /* LocationHeadView.xib */,
			);
			name = Views;
			sourceTree = "<group>";
		};
		22D29AD01CE1B74B0096803A /* BannerView */ = {
			isa = PBXGroup;
			children = (
				22D29AD11CE1B7630096803A /* LCViewPagerImageView.h */,
				22D29AD21CE1B7630096803A /* LCViewPagerImageView.m */,
				22D29AD31CE1B7630096803A /* LCViewPagerView.h */,
				22D29AD41CE1B7630096803A /* LCViewPagerView.m */,
			);
			name = BannerView;
			sourceTree = "<group>";
		};
		22E30A521CEB50C8008A0EF3 /* 工具类 */ = {
			isa = PBXGroup;
			children = (
				22E30A531CEB50F2008A0EF3 /* AnimalTools.h */,
				22E30A541CEB50F2008A0EF3 /* AnimalTools.m */,
			);
			name = "工具类";
			sourceTree = "<group>";
		};
		22E7105E1CDB425400B584B5 = {
			isa = PBXGroup;
			children = (
				22E40A231CE6BBCC00E64FFE /* libsqlite3.tbd */,
				22E40A251CE6D46500E64FFE /* city.sqlite */,
				22E710691CDB425400B584B5 /* 宠爱有家 */,
				22E710831CDB425400B584B5 /* 宠爱有家Tests */,
				22E7108E1CDB425400B584B5 /* 宠爱有家UITests */,
				22E710681CDB425400B584B5 /* Products */,
				D182C559EC5A17199546E88A /* Pods */,
				8D0C282B9FB834BE98FF3D91 /* Frameworks */,
			);
			sourceTree = "<group>";
		};
		22E710681CDB425400B584B5 /* Products */ = {
			isa = PBXGroup;
			children = (
				22E710671CDB425400B584B5 /* 宠爱有家.app */,
				22E710801CDB425400B584B5 /* 宠爱有家Tests.xctest */,
				22E7108B1CDB425400B584B5 /* 宠爱有家UITests.xctest */,
			);
			name = Products;
			sourceTree = "<group>";
		};
		22E710691CDB425400B584B5 /* 宠爱有家 */ = {
			isa = PBXGroup;
			children = (
				22E30A521CEB50C8008A0EF3 /* 工具类 */,
				22E710A31CDB42FD00B584B5 /* Tabar */,
				22E710A21CDB42FB00B584B5 /* 类别 */,
				22E710A11CDB42FA00B584B5 /* 首页 */,
				22E710A01CDB42F800B584B5 /* 商城 */,
				22E7109F1CDB42F700B584B5 /* 服务 */,
				22E7109E1CDB42F600B584B5 /* 我的 */,
				22E7109D1CDB42F100B584B5 /* 其它 */,
				22E7106A1CDB425400B584B5 /* Supporting Files */,
			);
			path = "宠爱有家";
			sourceTree = "<group>";
		};
		22E7106A1CDB425400B584B5 /* Supporting Files */ = {
			isa = PBXGroup;
			children = (
				22E7106B1CDB425400B584B5 /* main.m */,
			);
			name = "Supporting Files";
			sourceTree = "<group>";
		};
		22E710831CDB425400B584B5 /* 宠爱有家Tests */ = {
			isa = PBXGroup;
			children = (
				22E710841CDB425400B584B5 /* ____Tests.m */,
				22E710861CDB425400B584B5 /* Info.plist */,
			);
			path = "宠爱有家Tests";
			sourceTree = "<group>";
		};
		22E7108E1CDB425400B584B5 /* 宠爱有家UITests */ = {
			isa = PBXGroup;
			children = (
				22E7108F1CDB425400B584B5 /* ____UITests.m */,
				22E710911CDB425400B584B5 /* Info.plist */,
			);
			path = "宠爱有家UITests";
			sourceTree = "<group>";
		};
		22E7109D1CDB42F100B584B5 /* 其它 */ = {
			isa = PBXGroup;
			children = (
				22E7106D1CDB425400B584B5 /* AppDelegate.h */,
				22E7106E1CDB425400B584B5 /* AppDelegate.m */,
				22D29ADA1CE2013F0096803A /* AnimalSigle.h */,
				22D29ADB1CE2013F0096803A /* AnimalSigle.m */,
				22E710B11CDB44E700B584B5 /* AnimalPCH.pch */,
				7A84EA821CF1D4840084643A /* Assets.xcassets */,
				22E710731CDB425400B584B5 /* Main.storyboard */,
				22E710781CDB425400B584B5 /* LaunchScreen.storyboard */,
				22E7107B1CDB425400B584B5 /* Info.plist */,
			);
			name = "其它";
			sourceTree = "<group>";
		};
		22E7109E1CDB42F600B584B5 /* 我的 */ = {
			isa = PBXGroup;
			children = (
				22E710B51CDB492F00B584B5 /* SelfViewController.h */,
				22E710B61CDB492F00B584B5 /* SelfViewController.m */,
				22E30A481CEB3571008A0EF3 /* selfTableViewCell.h */,
				22E30A491CEB3571008A0EF3 /* selfTableViewCell.m */,
				22E30A4A1CEB3571008A0EF3 /* selfTableViewCell.xib */,
				22E30A4D1CEB3910008A0EF3 /* selfHeadView.h */,
				22E30A4E1CEB3910008A0EF3 /* selfHeadView.m */,
				22E30A501CEB3936008A0EF3 /* selfHeadView.xib */,
				226AC5BB1CE9E7710039A870 /* LoginController.h */,
				226AC5BC1CE9E7710039A870 /* LoginController.m */,
				226AC5BD1CE9E7710039A870 /* LoginController.xib */,
				2275ED661CEC8804003E8CA6 /* InformationController.h */,
				2275ED671CEC8804003E8CA6 /* InformationController.m */,
				2275ED6B1CEC9570003E8CA6 /* NameController.h */,
				2275ED6C1CEC9570003E8CA6 /* NameController.m */,
				22BCD9461CEDE00A00780448 /* SetNumberController.h */,
				22BCD9471CEDE00A00780448 /* SetNumberController.m */,
				22BCD9491CEDE89900780448 /* PasswardController.h */,
				22BCD94A1CEDE89900780448 /* PasswardController.m */,
				22BCD94C1CEDF18300780448 /* AdressController.h */,
				22BCD94D1CEDF18300780448 /* AdressController.m */,
				2273146B1CF148E8009FF007 /* AdressNoMessageView.h */,
				2273146C1CF148E8009FF007 /* AdressNoMessageView.m */,
				2273146E1CF14909009FF007 /* AdressNoMessageView.xib */,
				226588FD1CEF2E870059EBD9 /* MainTableViewCell.h */,
				226588FE1CEF2E870059EBD9 /* MainTableViewCell.m */,
				226588FF1CEF2E870059EBD9 /* MainTableViewCell.xib */,
				22BCD94F1CEDF38500780448 /* AddPeopleController.h */,
				22BCD9501CEDF38500780448 /* AddPeopleController.m */,
				22BCD9511CEDF38500780448 /* AddPeopleController.xib */,
			);
			name = "我的";
			sourceTree = "<group>";
		};
		22E7109F1CDB42F700B584B5 /* 服务 */ = {
			isa = PBXGroup;
			children = (
				03402C401CE216AF007B5323 /* Segment */,
				03402BC11CE1C3C2007B5323 /* Model */,
				03402BC01CE1C3BA007B5323 /* View */,
				03402BBF1CE1C3A9007B5323 /* Controller */,
			);
			name = "服务";
			sourceTree = "<group>";
		};
		22E710A01CDB42F800B584B5 /* 商城 */ = {
			isa = PBXGroup;
			children = (
				7A8276841CF1DF4D00510532 /* ShopHeaderViews */,
				7A82766D1CF1DE4A00510532 /* Views */,
				7A82766C1CF1DE2300510532 /* VIewController */,
			);
			name = "商城";
			sourceTree = "<group>";
		};
		22E710A11CDB42FA00B584B5 /* 首页 */ = {
			isa = PBXGroup;
			children = (
				22D29AD01CE1B74B0096803A /* BannerView */,
				226328371CDC361500BB023B /* Views */,
				226328361CDC352700BB023B /* ViewController */,
			);
			name = "首页";
			sourceTree = "<group>";
		};
		22E710A21CDB42FB00B584B5 /* 类别 */ = {
			isa = PBXGroup;
			children = (
				2263282A1CDC266C00BB023B /* UIViewController+addLeftOrRightBarButton.h */,
				2263282B1CDC266C00BB023B /* UIViewController+addLeftOrRightBarButton.m */,
				226328331CDC324E00BB023B /* UIViewController+PushViewControllerWithBarHidden.h */,
				226328341CDC324E00BB023B /* UIViewController+PushViewControllerWithBarHidden.m */,
				7A8276991CF1E0DB00510532 /* UIButton+layerBorder.h */,
				7A82769A1CF1E0DB00510532 /* UIButton+layerBorder.m */,
				7A82769B1CF1E0DB00510532 /* UIView+frame.h */,
				7A82769C1CF1E0DB00510532 /* UIView+frame.m */,
			);
			name = "类别";
			sourceTree = "<group>";
		};
		22E710A31CDB42FD00B584B5 /* Tabar */ = {
			isa = PBXGroup;
			children = (
				22E710B21CDB46FA00B584B5 /* AnimalTabar.h */,
				22E710B31CDB46FA00B584B5 /* AnimalTabar.m */,
			);
			name = Tabar;
			sourceTree = "<group>";
		};
		7A82766C1CF1DE2300510532 /* VIewController */ = {
			isa = PBXGroup;
			children = (
				22E710A81CDB442E00B584B5 /* ShopViewController.h */,
				22E710A91CDB442E00B584B5 /* ShopViewController.m */,
				7A8276661CF1DE1300510532 /* GoodsDetailViewController.h */,
				7A8276671CF1DE1300510532 /* GoodsDetailViewController.m */,
				7A8276681CF1DE1300510532 /* ShopCartViewController.h */,
				7A8276691CF1DE1300510532 /* ShopCartViewController.m */,
			);
			name = VIewController;
			sourceTree = "<group>";
		};
		7A82766D1CF1DE4A00510532 /* Views */ = {
			isa = PBXGroup;
			children = (
				7A8276741CF1DF0100510532 /* Cells */,
				7A82766E1CF1DE6E00510532 /* Segment */,
			);
			name = Views;
			sourceTree = "<group>";
		};
		7A82766E1CF1DE6E00510532 /* Segment */ = {
			isa = PBXGroup;
			children = (
				7A8276631CF1DE0300510532 /* GLSegment.h */,
				7A8276641CF1DE0300510532 /* GLSegment.m */,
			);
			name = Segment;
			sourceTree = "<group>";
		};
		7A8276741CF1DF0100510532 /* Cells */ = {
			isa = PBXGroup;
			children = (
				7A82767A1CF1DF2D00510532 /* ShopCollectionViewCell.h */,
				7A82767B1CF1DF2D00510532 /* ShopCollectionViewCell.m */,
				7A82769F1CF1E13900510532 /* ShopCollectionViewCell.xib */,
				7A8276751CF1DF1E00510532 /* GoodsDetailCell.h */,
				7A8276761CF1DF1E00510532 /* GoodsDetailCell.m */,
				7A8276771CF1DF1E00510532 /* GoodsDetailCell.xib */,
				7A82766F1CF1DEF700510532 /* CommentCell.h */,
				7A8276701CF1DEF700510532 /* CommentCell.m */,
				7A8276711CF1DEF700510532 /* CommentCell.xib */,
				7A82767F1CF1DF3D00510532 /* ShopCartCell.h */,
				7A8276801CF1DF3D00510532 /* ShopCartCell.m */,
				7A8276811CF1DF3D00510532 /* ShopCartCell.xib */,
			);
			name = Cells;
			sourceTree = "<group>";
		};
		7A8276841CF1DF4D00510532 /* ShopHeaderViews */ = {
			isa = PBXGroup;
			children = (
				7A82768F1CF1E0BC00510532 /* GoodsDetailHeaderView.h */,
				7A8276901CF1E0BC00510532 /* GoodsDetailHeaderView.m */,
				7A8276911CF1E0BC00510532 /* GoodsDetailHeaderView.xib */,
				7A8276941CF1E0C900510532 /* ShopHeaderReusableView.h */,
				7A8276951CF1E0C900510532 /* ShopHeaderReusableView.m */,
				7A8276961CF1E0C900510532 /* ShopHeaderReusableView.xib */,
			);
			name = ShopHeaderViews;
			sourceTree = "<group>";
		};
		8D0C282B9FB834BE98FF3D91 /* Frameworks */ = {
			isa = PBXGroup;
			children = (
				3B3CA7DB334B77048CF99728 /* libPods.a */,
			);
			name = Frameworks;
			sourceTree = "<group>";
		};
		D182C559EC5A17199546E88A /* Pods */ = {
			isa = PBXGroup;
			children = (
				76642C5C6F3E5B091A4A4F19 /* Pods.debug.xcconfig */,
				38429E2EF01B8FCFA32A0349 /* Pods.release.xcconfig */,
			);
			name = Pods;
			sourceTree = "<group>";
		};
/* End PBXGroup section */

/* Begin PBXNativeTarget section */
		22E710661CDB425400B584B5 /* 宠爱有家 */ = {
			isa = PBXNativeTarget;
			buildConfigurationList = 22E710941CDB425400B584B5 /* Build configuration list for PBXNativeTarget "宠爱有家" */;
			buildPhases = (
				467FA1040A951D728380F563 /* Check Pods Manifest.lock */,
				22E710631CDB425400B584B5 /* Sources */,
				22E710641CDB425400B584B5 /* Frameworks */,
				22E710651CDB425400B584B5 /* Resources */,
				422FA3FC17D3B09AC9B4A8D8 /* Embed Pods Frameworks */,
				FE055DC5E281C81287BAD86E /* Copy Pods Resources */,
			);
			buildRules = (
			);
			dependencies = (
			);
			name = "宠爱有家";
			productName = "宠爱有家";
			productReference = 22E710671CDB425400B584B5 /* 宠爱有家.app */;
			productType = "com.apple.product-type.application";
		};
		22E7107F1CDB425400B584B5 /* 宠爱有家Tests */ = {
			isa = PBXNativeTarget;
			buildConfigurationList = 22E710971CDB425400B584B5 /* Build configuration list for PBXNativeTarget "宠爱有家Tests" */;
			buildPhases = (
				22E7107C1CDB425400B584B5 /* Sources */,
				22E7107D1CDB425400B584B5 /* Frameworks */,
				22E7107E1CDB425400B584B5 /* Resources */,
			);
			buildRules = (
			);
			dependencies = (
				22E710821CDB425400B584B5 /* PBXTargetDependency */,
			);
			name = "宠爱有家Tests";
			productName = "宠爱有家Tests";
			productReference = 22E710801CDB425400B584B5 /* 宠爱有家Tests.xctest */;
			productType = "com.apple.product-type.bundle.unit-test";
		};
		22E7108A1CDB425400B584B5 /* 宠爱有家UITests */ = {
			isa = PBXNativeTarget;
			buildConfigurationList = 22E7109A1CDB425400B584B5 /* Build configuration list for PBXNativeTarget "宠爱有家UITests" */;
			buildPhases = (
				22E710871CDB425400B584B5 /* Sources */,
				22E710881CDB425400B584B5 /* Frameworks */,
				22E710891CDB425400B584B5 /* Resources */,
			);
			buildRules = (
			);
			dependencies = (
				22E7108D1CDB425400B584B5 /* PBXTargetDependency */,
			);
			name = "宠爱有家UITests";
			productName = "宠爱有家UITests";
			productReference = 22E7108B1CDB425400B584B5 /* 宠爱有家UITests.xctest */;
			productType = "com.apple.product-type.bundle.ui-testing";
		};
/* End PBXNativeTarget section */

/* Begin PBXProject section */
		22E7105F1CDB425400B584B5 /* Project object */ = {
			isa = PBXProject;
			attributes = {
				LastUpgradeCheck = 0720;
				ORGANIZATIONNAME = XXXX;
				TargetAttributes = {
					22E710661CDB425400B584B5 = {
						CreatedOnToolsVersion = 7.2;
						DevelopmentTeam = 5P7Y55JV7M;
					};
					22E7107F1CDB425400B584B5 = {
						CreatedOnToolsVersion = 7.2;
						TestTargetID = 22E710661CDB425400B584B5;
					};
					22E7108A1CDB425400B584B5 = {
						CreatedOnToolsVersion = 7.2;
						TestTargetID = 22E710661CDB425400B584B5;
					};
				};
			};
			buildConfigurationList = 22E710621CDB425400B584B5 /* Build configuration list for PBXProject "宠爱有家" */;
			compatibilityVersion = "Xcode 3.2";
			developmentRegion = English;
			hasScannedForEncodings = 0;
			knownRegions = (
				en,
				Base,
			);
			mainGroup = 22E7105E1CDB425400B584B5;
			productRefGroup = 22E710681CDB425400B584B5 /* Products */;
			projectDirPath = "";
			projectRoot = "";
			targets = (
				22E710661CDB425400B584B5 /* 宠爱有家 */,
				22E7107F1CDB425400B584B5 /* 宠爱有家Tests */,
				22E7108A1CDB425400B584B5 /* 宠爱有家UITests */,
			);
		};
/* End PBXProject section */

/* Begin PBXResourcesBuildPhase section */
		22E710651CDB425400B584B5 /* Resources */ = {
			isa = PBXResourcesBuildPhase;
			buildActionMask = 2147483647;
			files = (
				226328461CDC6F2A00BB023B /* introduceCollectionViewCell.xib in Resources */,
				2263284B1CDC76A800BB023B /* MainCollectionViewCell.xib in Resources */,
				22956CB81CE5A8E000A503E7 /* LocationTableCell.xib in Resources */,
				22E30A4C1CEB3571008A0EF3 /* selfTableViewCell.xib in Resources */,
				037388DA1CE9A5C500574E28 /* YCCell.xib in Resources */,
				7A8276831CF1DF3D00510532 /* ShopCartCell.xib in Resources */,
				7A8276791CF1DF1E00510532 /* GoodsDetailCell.xib in Resources */,
				7A84EA831CF1D4840084643A /* Assets.xcassets in Resources */,
				7A8276731CF1DEF700510532 /* CommentCell.xib in Resources */,
				22845F221CE35ED0004D17B4 /* leftBtnView.xib in Resources */,
				7A8276A01CF1E13900510532 /* ShopCollectionViewCell.xib in Resources */,
				03D2C6441CEB5BD700B04D33 /* FujinView.xib in Resources */,
				22E7107A1CDB425400B584B5 /* LaunchScreen.storyboard in Resources */,
				22956CBD1CE5AB6100A503E7 /* LocationHeadView.xib in Resources */,
				226589011CEF2E870059EBD9 /* MainTableViewCell.xib in Resources */,
				22E30A511CEB3936008A0EF3 /* selfHeadView.xib in Resources */,
				7A8276981CF1E0C900510532 /* ShopHeaderReusableView.xib in Resources */,
				03CB3A791CF1B34B007D7F7D /* FuWuView.xib in Resources */,
				22E40A261CE6D46500E64FFE /* city.sqlite in Resources */,
				7A8276931CF1E0BC00510532 /* GoodsDetailHeaderView.xib in Resources */,
				22BCD9531CEDF38500780448 /* AddPeopleController.xib in Resources */,
				226328411CDC3F2C00BB023B /* HeaderReusableView.xib in Resources */,
				22845F1D1CE34AFD004D17B4 /* SearchBackView.xib in Resources */,
				2273146F1CF14909009FF007 /* AdressNoMessageView.xib in Resources */,
				22E710751CDB425400B584B5 /* Main.storyboard in Resources */,
				226AC5BF1CE9E7710039A870 /* LoginController.xib in Resources */,
			);
			runOnlyForDeploymentPostprocessing = 0;
		};
		22E7107E1CDB425400B584B5 /* Resources */ = {
			isa = PBXResourcesBuildPhase;
			buildActionMask = 2147483647;
			files = (
			);
			runOnlyForDeploymentPostprocessing = 0;
		};
		22E710891CDB425400B584B5 /* Resources */ = {
			isa = PBXResourcesBuildPhase;
			buildActionMask = 2147483647;
			files = (
			);
			runOnlyForDeploymentPostprocessing = 0;
		};
/* End PBXResourcesBuildPhase section */

/* Begin PBXShellScriptBuildPhase section */
		422FA3FC17D3B09AC9B4A8D8 /* Embed Pods Frameworks */ = {
			isa = PBXShellScriptBuildPhase;
			buildActionMask = 2147483647;
			files = (
			);
			inputPaths = (
			);
			name = "Embed Pods Frameworks";
			outputPaths = (
			);
			runOnlyForDeploymentPostprocessing = 0;
			shellPath = /bin/sh;
			shellScript = "\"${SRCROOT}/Pods/Target Support Files/Pods/Pods-frameworks.sh\"\n";
			showEnvVarsInLog = 0;
		};
		467FA1040A951D728380F563 /* Check Pods Manifest.lock */ = {
			isa = PBXShellScriptBuildPhase;
			buildActionMask = 2147483647;
			files = (
			);
			inputPaths = (
			);
			name = "Check Pods Manifest.lock";
			outputPaths = (
			);
			runOnlyForDeploymentPostprocessing = 0;
			shellPath = /bin/sh;
			shellScript = "diff \"${PODS_ROOT}/../Podfile.lock\" \"${PODS_ROOT}/Manifest.lock\" > /dev/null\nif [[ $? != 0 ]] ; then\n    cat << EOM\nerror: The sandbox is not in sync with the Podfile.lock. Run 'pod install' or update your CocoaPods installation.\nEOM\n    exit 1\nfi\n";
			showEnvVarsInLog = 0;
		};
		FE055DC5E281C81287BAD86E /* Copy Pods Resources */ = {
			isa = PBXShellScriptBuildPhase;
			buildActionMask = 2147483647;
			files = (
			);
			inputPaths = (
			);
			name = "Copy Pods Resources";
			outputPaths = (
			);
			runOnlyForDeploymentPostprocessing = 0;
			shellPath = /bin/sh;
			shellScript = "\"${SRCROOT}/Pods/Target Support Files/Pods/Pods-resources.sh\"\n";
			showEnvVarsInLog = 0;
		};
/* End PBXShellScriptBuildPhase section */

/* Begin PBXSourcesBuildPhase section */
		22E710631CDB425400B584B5 /* Sources */ = {
			isa = PBXSourcesBuildPhase;
			buildActionMask = 2147483647;
			files = (
				039395331CF192C4000161D3 /* YCSegment.m in Sources */,
				2275ED691CEC8804003E8CA6 /* InformationController.m in Sources */,
				22BCD9521CEDF38500780448 /* AddPeopleController.m in Sources */,
				7A8276781CF1DF1E00510532 /* GoodsDetailCell.m in Sources */,
				7A8276971CF1E0C900510532 /* ShopHeaderReusableView.m in Sources */,
				226328451CDC6F2A00BB023B /* introduceCollectionViewCell.m in Sources */,
				03CB3A7C1CF1B4B3007D7F7D /* ZhongJianView.m in Sources */,
				039395321CF163C3000161D3 /* JiBieView.m in Sources */,
				7A82769E1CF1E0DB00510532 /* UIView+frame.m in Sources */,
				22E710AA1CDB442E00B584B5 /* ShopViewController.m in Sources */,
				226328351CDC324E00BB023B /* UIViewController+PushViewControllerWithBarHidden.m in Sources */,
				22845F1B1CE34ADB004D17B4 /* SearchBackView.m in Sources */,
				7A82766A1CF1DE1300510532 /* GoodsDetailViewController.m in Sources */,
				2263282C1CDC266C00BB023B /* UIViewController+addLeftOrRightBarButton.m in Sources */,
				22E30A551CEB50F2008A0EF3 /* AnimalTools.m in Sources */,
				22956CBB1CE5AB4A00A503E7 /* LocationHeadView.m in Sources */,
				7A8276651CF1DE0300510532 /* GLSegment.m in Sources */,
				039F729D1CEC943D005E71BD /* YCViewController.m in Sources */,
				7A8276721CF1DEF700510532 /* CommentCell.m in Sources */,
				22E710B71CDB492F00B584B5 /* SelfViewController.m in Sources */,
				22E7106F1CDB425400B584B5 /* AppDelegate.m in Sources */,
				2273146D1CF148E8009FF007 /* AdressNoMessageView.m in Sources */,
				22BCD94E1CEDF18300780448 /* AdressController.m in Sources */,
				7A8276821CF1DF3D00510532 /* ShopCartCell.m in Sources */,
				22D29AD91CE1CC8F0096803A /* BannerViewController.m in Sources */,
				226328401CDC3F2C00BB023B /* HeaderReusableView.m in Sources */,
				22845F201CE35EAC004D17B4 /* leftBtnView.m in Sources */,
				7A82769D1CF1E0DB00510532 /* UIButton+layerBorder.m in Sources */,
				2275ED6D1CEC9570003E8CA6 /* NameController.m in Sources */,
				226589001CEF2E870059EBD9 /* MainTableViewCell.m in Sources */,
				22E710A71CDB43DC00B584B5 /* MainViewController.m in Sources */,
				2263284A1CDC76A800BB023B /* MainCollectionViewCell.m in Sources */,
				22E7106C1CDB425400B584B5 /* main.m in Sources */,
				226AC5BE1CE9E7710039A870 /* LoginController.m in Sources */,
				22D29AD51CE1B7630096803A /* LCViewPagerImageView.m in Sources */,
				226328321CDC2D3F00BB023B /* MessageViewController.m in Sources */,
				22E710AD1CDB445A00B584B5 /* ServeViewController.m in Sources */,
				22956CB71CE5A8E000A503E7 /* LocationTableCell.m in Sources */,
				7A82766B1CF1DE1300510532 /* ShopCartViewController.m in Sources */,
				22D29ADC1CE2013F0096803A /* AnimalSigle.m in Sources */,
				22E30A4B1CEB3571008A0EF3 /* selfTableViewCell.m in Sources */,
				7A8276921CF1E0BC00510532 /* GoodsDetailHeaderView.m in Sources */,
				22BCD94B1CEDE89900780448 /* PasswardController.m in Sources */,
				22D29AD61CE1B7630096803A /* LCViewPagerView.m in Sources */,
				22E710B41CDB46FA00B584B5 /* AnimalTabar.m in Sources */,
				03D2C6421CEB5BB900B04D33 /* FujinView.m in Sources */,
				7A82767D1CF1DF2D00510532 /* ShopCollectionViewCell.m in Sources */,
				22845F251CE3690A004D17B4 /* LocationViewController.m in Sources */,
				03B37D361CE60D9600FBDAF7 /* YCCell.m in Sources */,
				22E30A4F1CEB3910008A0EF3 /* selfHeadView.m in Sources */,
			);
			runOnlyForDeploymentPostprocessing = 0;
		};
		22E7107C1CDB425400B584B5 /* Sources */ = {
			isa = PBXSourcesBuildPhase;
			buildActionMask = 2147483647;
			files = (
				22E710851CDB425400B584B5 /* ____Tests.m in Sources */,
			);
			runOnlyForDeploymentPostprocessing = 0;
		};
		22E710871CDB425400B584B5 /* Sources */ = {
			isa = PBXSourcesBuildPhase;
			buildActionMask = 2147483647;
			files = (
				22E710901CDB425400B584B5 /* ____UITests.m in Sources */,
			);
			runOnlyForDeploymentPostprocessing = 0;
		};
/* End PBXSourcesBuildPhase section */

/* Begin PBXTargetDependency section */
		22E710821CDB425400B584B5 /* PBXTargetDependency */ = {
			isa = PBXTargetDependency;
			target = 22E710661CDB425400B584B5 /* 宠爱有家 */;
			targetProxy = 22E710811CDB425400B584B5 /* PBXContainerItemProxy */;
		};
		22E7108D1CDB425400B584B5 /* PBXTargetDependency */ = {
			isa = PBXTargetDependency;
			target = 22E710661CDB425400B584B5 /* 宠爱有家 */;
			targetProxy = 22E7108C1CDB425400B584B5 /* PBXContainerItemProxy */;
		};
/* End PBXTargetDependency section */

/* Begin PBXVariantGroup section */
		22E710731CDB425400B584B5 /* Main.storyboard */ = {
			isa = PBXVariantGroup;
			children = (
				22E710741CDB425400B584B5 /* Base */,
			);
			name = Main.storyboard;
			sourceTree = "<group>";
		};
		22E710781CDB425400B584B5 /* LaunchScreen.storyboard */ = {
			isa = PBXVariantGroup;
			children = (
				22E710791CDB425400B584B5 /* Base */,
			);
			name = LaunchScreen.storyboard;
			sourceTree = "<group>";
		};
/* End PBXVariantGroup section */

/* Begin XCBuildConfiguration section */
		22E710921CDB425400B584B5 /* Debug */ = {
			isa = XCBuildConfiguration;
			buildSettings = {
				ALWAYS_SEARCH_USER_PATHS = NO;
				CLANG_CXX_LANGUAGE_STANDARD = "gnu++0x";
				CLANG_CXX_LIBRARY = "libc++";
				CLANG_ENABLE_MODULES = YES;
				CLANG_ENABLE_OBJC_ARC = YES;
				CLANG_WARN_BOOL_CONVERSION = YES;
				CLANG_WARN_CONSTANT_CONVERSION = YES;
				CLANG_WARN_DIRECT_OBJC_ISA_USAGE = YES_ERROR;
				CLANG_WARN_EMPTY_BODY = YES;
				CLANG_WARN_ENUM_CONVERSION = YES;
				CLANG_WARN_INT_CONVERSION = YES;
				CLANG_WARN_OBJC_ROOT_CLASS = YES_ERROR;
				CLANG_WARN_UNREACHABLE_CODE = YES;
				CLANG_WARN__DUPLICATE_METHOD_MATCH = YES;
				"CODE_SIGN_IDENTITY[sdk=iphoneos*]" = "iPhone Developer";
				COPY_PHASE_STRIP = NO;
				DEBUG_INFORMATION_FORMAT = dwarf;
				ENABLE_STRICT_OBJC_MSGSEND = YES;
				ENABLE_TESTABILITY = YES;
				GCC_C_LANGUAGE_STANDARD = gnu99;
				GCC_DYNAMIC_NO_PIC = NO;
				GCC_NO_COMMON_BLOCKS = YES;
				GCC_OPTIMIZATION_LEVEL = 0;
				GCC_PREPROCESSOR_DEFINITIONS = (
					"DEBUG=1",
					"$(inherited)",
				);
				GCC_WARN_64_TO_32_BIT_CONVERSION = YES;
				GCC_WARN_ABOUT_RETURN_TYPE = YES_ERROR;
				GCC_WARN_UNDECLARED_SELECTOR = YES;
				GCC_WARN_UNINITIALIZED_AUTOS = YES_AGGRESSIVE;
				GCC_WARN_UNUSED_FUNCTION = YES;
				GCC_WARN_UNUSED_VARIABLE = YES;
				IPHONEOS_DEPLOYMENT_TARGET = 9.2;
				MTL_ENABLE_DEBUG_INFO = YES;
				ONLY_ACTIVE_ARCH = YES;
				SDKROOT = iphoneos;
				TARGETED_DEVICE_FAMILY = "1,2";
			};
			name = Debug;
		};
		22E710931CDB425400B584B5 /* Release */ = {
			isa = XCBuildConfiguration;
			buildSettings = {
				ALWAYS_SEARCH_USER_PATHS = NO;
				CLANG_CXX_LANGUAGE_STANDARD = "gnu++0x";
				CLANG_CXX_LIBRARY = "libc++";
				CLANG_ENABLE_MODULES = YES;
				CLANG_ENABLE_OBJC_ARC = YES;
				CLANG_WARN_BOOL_CONVERSION = YES;
				CLANG_WARN_CONSTANT_CONVERSION = YES;
				CLANG_WARN_DIRECT_OBJC_ISA_USAGE = YES_ERROR;
				CLANG_WARN_EMPTY_BODY = YES;
				CLANG_WARN_ENUM_CONVERSION = YES;
				CLANG_WARN_INT_CONVERSION = YES;
				CLANG_WARN_OBJC_ROOT_CLASS = YES_ERROR;
				CLANG_WARN_UNREACHABLE_CODE = YES;
				CLANG_WARN__DUPLICATE_METHOD_MATCH = YES;
				"CODE_SIGN_IDENTITY[sdk=iphoneos*]" = "iPhone Developer";
				COPY_PHASE_STRIP = NO;
				DEBUG_INFORMATION_FORMAT = "dwarf-with-dsym";
				ENABLE_NS_ASSERTIONS = NO;
				ENABLE_STRICT_OBJC_MSGSEND = YES;
				GCC_C_LANGUAGE_STANDARD = gnu99;
				GCC_NO_COMMON_BLOCKS = YES;
				GCC_WARN_64_TO_32_BIT_CONVERSION = YES;
				GCC_WARN_ABOUT_RETURN_TYPE = YES_ERROR;
				GCC_WARN_UNDECLARED_SELECTOR = YES;
				GCC_WARN_UNINITIALIZED_AUTOS = YES_AGGRESSIVE;
				GCC_WARN_UNUSED_FUNCTION = YES;
				GCC_WARN_UNUSED_VARIABLE = YES;
				IPHONEOS_DEPLOYMENT_TARGET = 9.2;
				MTL_ENABLE_DEBUG_INFO = NO;
				SDKROOT = iphoneos;
				TARGETED_DEVICE_FAMILY = "1,2";
				VALIDATE_PRODUCT = YES;
			};
			name = Release;
		};
		22E710951CDB425400B584B5 /* Debug */ = {
			isa = XCBuildConfiguration;
			baseConfigurationReference = 76642C5C6F3E5B091A4A4F19 /* Pods.debug.xcconfig */;
			buildSettings = {
				ASSETCATALOG_COMPILER_APPICON_NAME = AppIcon;
				CODE_SIGN_IDENTITY = "iPhone Developer";
				GCC_PRECOMPILE_PREFIX_HEADER = YES;
				GCC_PREFIX_HEADER = "$(SRCROOT)/宠爱有家/AnimalPCH.pch";
				INFOPLIST_FILE = "宠爱有家/Info.plist";
				IPHONEOS_DEPLOYMENT_TARGET = 9.1;
				LD_RUNPATH_SEARCH_PATHS = "$(inherited) @executable_path/Frameworks";
				LIBRARY_SEARCH_PATHS = (
					"$(inherited)",
					"$(PROJECT_DIR)/宠爱有家",
				);
				PRODUCT_BUNDLE_IDENTIFIER = liuxindef.com.cn;
				PRODUCT_NAME = "$(TARGET_NAME)";
			};
			name = Debug;
		};
		22E710961CDB425400B584B5 /* Release */ = {
			isa = XCBuildConfiguration;
			baseConfigurationReference = 38429E2EF01B8FCFA32A0349 /* Pods.release.xcconfig */;
			buildSettings = {
				ASSETCATALOG_COMPILER_APPICON_NAME = AppIcon;
				CODE_SIGN_IDENTITY = "iPhone Developer";
				GCC_PRECOMPILE_PREFIX_HEADER = YES;
				GCC_PREFIX_HEADER = "$(SRCROOT)/宠爱有家/AnimalPCH.pch";
				INFOPLIST_FILE = "宠爱有家/Info.plist";
				IPHONEOS_DEPLOYMENT_TARGET = 9.1;
				LD_RUNPATH_SEARCH_PATHS = "$(inherited) @executable_path/Frameworks";
				LIBRARY_SEARCH_PATHS = (
					"$(inherited)",
					"$(PROJECT_DIR)/宠爱有家",
				);
				PRODUCT_BUNDLE_IDENTIFIER = liuxindef.com.cn;
				PRODUCT_NAME = "$(TARGET_NAME)";
			};
			name = Release;
		};
		22E710981CDB425400B584B5 /* Debug */ = {
			isa = XCBuildConfiguration;
			buildSettings = {
				BUNDLE_LOADER = "$(TEST_HOST)";
				INFOPLIST_FILE = "宠爱有家Tests/Info.plist";
				LD_RUNPATH_SEARCH_PATHS = "$(inherited) @executable_path/Frameworks @loader_path/Frameworks";
				PRODUCT_BUNDLE_IDENTIFIER = "LIUXIN.----Tests";
				PRODUCT_NAME = "$(TARGET_NAME)";
				TEST_HOST = "$(BUILT_PRODUCTS_DIR)/宠爱有家.app/宠爱有家";
			};
			name = Debug;
		};
		22E710991CDB425400B584B5 /* Release */ = {
			isa = XCBuildConfiguration;
			buildSettings = {
				BUNDLE_LOADER = "$(TEST_HOST)";
				INFOPLIST_FILE = "宠爱有家Tests/Info.plist";
				LD_RUNPATH_SEARCH_PATHS = "$(inherited) @executable_path/Frameworks @loader_path/Frameworks";
				PRODUCT_BUNDLE_IDENTIFIER = "LIUXIN.----Tests";
				PRODUCT_NAME = "$(TARGET_NAME)";
				TEST_HOST = "$(BUILT_PRODUCTS_DIR)/宠爱有家.app/宠爱有家";
			};
			name = Release;
		};
		22E7109B1CDB425400B584B5 /* Debug */ = {
			isa = XCBuildConfiguration;
			buildSettings = {
				INFOPLIST_FILE = "宠爱有家UITests/Info.plist";
				LD_RUNPATH_SEARCH_PATHS = "$(inherited) @executable_path/Frameworks @loader_path/Frameworks";
				PRODUCT_BUNDLE_IDENTIFIER = "LIUXIN.----UITests";
				PRODUCT_NAME = "$(TARGET_NAME)";
				TEST_TARGET_NAME = "宠爱有家";
				USES_XCTRUNNER = YES;
			};
			name = Debug;
		};
		22E7109C1CDB425400B584B5 /* Release */ = {
			isa = XCBuildConfiguration;
			buildSettings = {
				INFOPLIST_FILE = "宠爱有家UITests/Info.plist";
				LD_RUNPATH_SEARCH_PATHS = "$(inherited) @executable_path/Frameworks @loader_path/Frameworks";
				PRODUCT_BUNDLE_IDENTIFIER = "LIUXIN.----UITests";
				PRODUCT_NAME = "$(TARGET_NAME)";
				TEST_TARGET_NAME = "宠爱有家";
				USES_XCTRUNNER = YES;
			};
			name = Release;
		};
/* End XCBuildConfiguration section */

/* Begin XCConfigurationList section */
		22E710621CDB425400B584B5 /* Build configuration list for PBXProject "宠爱有家" */ = {
			isa = XCConfigurationList;
			buildConfigurations = (
				22E710921CDB425400B584B5 /* Debug */,
				22E710931CDB425400B584B5 /* Release */,
			);
			defaultConfigurationIsVisible = 0;
			defaultConfigurationName = Release;
		};
		22E710941CDB425400B584B5 /* Build configuration list for PBXNativeTarget "宠爱有家" */ = {
			isa = XCConfigurationList;
			buildConfigurations = (
				22E710951CDB425400B584B5 /* Debug */,
				22E710961CDB425400B584B5 /* Release */,
			);
			defaultConfigurationIsVisible = 0;
			defaultConfigurationName = Release;
		};
		22E710971CDB425400B584B5 /* Build configuration list for PBXNativeTarget "宠爱有家Tests" */ = {
			isa = XCConfigurationList;
			buildConfigurations = (
				22E710981CDB425400B584B5 /* Debug */,
				22E710991CDB425400B584B5 /* Release */,
			);
			defaultConfigurationIsVisible = 0;
			defaultConfigurationName = Release;
		};
		22E7109A1CDB425400B584B5 /* Build configuration list for PBXNativeTarget "宠爱有家UITests" */ = {
			isa = XCConfigurationList;
			buildConfigurations = (
				22E7109B1CDB425400B584B5 /* Debug */,
				22E7109C1CDB425400B584B5 /* Release */,
			);
			defaultConfigurationIsVisible = 0;
			defaultConfigurationName = Release;
		};
/* End XCConfigurationList section */
	};
	rootObject = 22E7105F1CDB425400B584B5 /* Project object */;
}
